
Microsoft Visual Studio Solution File, Format Version 12.00
# Visual Studio Version 17
VisualStudioVersion = 17.8.34330.188
MinimumVisualStudioVersion = 10.0.40219.1
Project("{FAE04EC0-301F-11D3-BF4B-00C04F79EFBC}") = "OOPBankaOtomasyonu", "OOPBankaOtomasyonu.csproj", "{6700F39B-9BC7-4AA1-9AA8-88C2D66EA06D}"
EndProject
Global
	GlobalSection(SolutionConfigurationPlatforms) = preSolution
		Debug|Any CPU = Debug|Any CPU
		Release|Any CPU = Release|Any CPU
	EndGlobalSection
	GlobalSection(ProjectConfigurationPlatforms) = postSolution
		{6700F39B-9BC7-4AA1-9AA8-88C2D66EA06D}.Debug|Any CPU.ActiveCfg = Debug|Any CPU
		{6700F39B-9BC7-4AA1-9AA8-88C2D66EA06D}.Debug|Any CPU.Build.0 = Debug|Any CPU
		{6700F39B-9BC7-4AA1-9AA8-88C2D66EA06D}.Release|Any CPU.ActiveCfg = Release|Any CPU
		{6700F39B-9BC7-4AA1-9AA8-88C2D66EA06D}.Release|Any CPU.Build.0 = Release|Any CPU
	EndGlobalSection
	GlobalSection(SolutionProperties) = preSolution
		HideSolutionNode = FALSE
	EndGlobalSection
	GlobalSection(ExtensibilityGlobals) = postSolution
		SolutionGuid = {9CE61A34-6C51-4658-A0C3-CADB69FE399F}
	EndGlobalSection
EndGlobal
