
Microsoft Visual Studio Solution File, Format Version 12.00
# Visual Studio Version 17
VisualStudioVersion = 17.8.34330.188
MinimumVisualStudioVersion = 10.0.40219.1
Project("{FAE04EC0-301F-11D3-BF4B-00C04F79EFBC}") = "Algoritma_2", "Algoritma_2.csproj", "{44270565-1523-4944-8D65-7807C747018F}"
EndProject
Global
	GlobalSection(SolutionConfigurationPlatforms) = preSolution
		Debug|Any CPU = Debug|Any CPU
		Release|Any CPU = Release|Any CPU
	EndGlobalSection
	GlobalSection(ProjectConfigurationPlatforms) = postSolution
		{44270565-1523-4944-8D65-7807C747018F}.Debug|Any CPU.ActiveCfg = Debug|Any CPU
		{44270565-1523-4944-8D65-7807C747018F}.Debug|Any CPU.Build.0 = Debug|Any CPU
		{44270565-1523-4944-8D65-7807C747018F}.Release|Any CPU.ActiveCfg = Release|Any CPU
		{44270565-1523-4944-8D65-7807C747018F}.Release|Any CPU.Build.0 = Release|Any CPU
	EndGlobalSection
	GlobalSection(SolutionProperties) = preSolution
		HideSolutionNode = FALSE
	EndGlobalSection
	GlobalSection(ExtensibilityGlobals) = postSolution
		SolutionGuid = {7B0A309C-FE4F-4EF5-A861-918D6EA980F8}
	EndGlobalSection
EndGlobal
