
Microsoft Visual Studio Solution File, Format Version 12.00
# Visual Studio Version 17
VisualStudioVersion = 17.8.34330.188
MinimumVisualStudioVersion = 10.0.40219.1
Project("{FAE04EC0-301F-11D3-BF4B-00C04F79EFBC}") = "Algoritma_3", "Algoritma_3.csproj", "{56C10940-BD31-4A18-B65A-A63BC533B85D}"
EndProject
Global
	GlobalSection(SolutionConfigurationPlatforms) = preSolution
		Debug|Any CPU = Debug|Any CPU
		Release|Any CPU = Release|Any CPU
	EndGlobalSection
	GlobalSection(ProjectConfigurationPlatforms) = postSolution
		{56C10940-BD31-4A18-B65A-A63BC533B85D}.Debug|Any CPU.ActiveCfg = Debug|Any CPU
		{56C10940-BD31-4A18-B65A-A63BC533B85D}.Debug|Any CPU.Build.0 = Debug|Any CPU
		{56C10940-BD31-4A18-B65A-A63BC533B85D}.Release|Any CPU.ActiveCfg = Release|Any CPU
		{56C10940-BD31-4A18-B65A-A63BC533B85D}.Release|Any CPU.Build.0 = Release|Any CPU
	EndGlobalSection
	GlobalSection(SolutionProperties) = preSolution
		HideSolutionNode = FALSE
	EndGlobalSection
	GlobalSection(ExtensibilityGlobals) = postSolution
		SolutionGuid = {ED322B58-94EA-4776-BEAA-3B04338F6CE9}
	EndGlobalSection
EndGlobal
